
Microsoft Visual Studio Solution File, Format Version 12.00
# Visual Studio Version 17
VisualStudioVersion = 17.2.32228.273
MinimumVisualStudioVersion = 10.0.40219.1
Project("{FAE04EC0-301F-11D3-BF4B-00C04F79EFBC}") = "ConsoleApp10", "ConsoleApp10\ConsoleApp10.csproj", "{211EFD99-4581-492D-B48B-CB91B59A9E68}"
EndProject
Global
	GlobalSection(SolutionConfigurationPlatforms) = preSolution
		Debug|Any CPU = Debug|Any CPU
		Release|Any CPU = Release|Any CPU
	EndGlobalSection
	GlobalSection(ProjectConfigurationPlatforms) = postSolution
		{211EFD99-4581-492D-B48B-CB91B59A9E68}.Debug|Any CPU.ActiveCfg = Debug|Any CPU
		{211EFD99-4581-492D-B48B-CB91B59A9E68}.Debug|Any CPU.Build.0 = Debug|Any CPU
		{211EFD99-4581-492D-B48B-CB91B59A9E68}.Release|Any CPU.ActiveCfg = Release|Any CPU
		{211EFD99-4581-492D-B48B-CB91B59A9E68}.Release|Any CPU.Build.0 = Release|Any CPU
	EndGlobalSection
	GlobalSection(SolutionProperties) = preSolution
		HideSolutionNode = FALSE
	EndGlobalSection
	GlobalSection(ExtensibilityGlobals) = postSolution
		SolutionGuid = {1BC2307B-BAD1-49F9-A784-FB4F290A61E2}
	EndGlobalSection
EndGlobal
